
Microsoft Visual Studio Solution File, Format Version 12.00
# Visual Studio Version 16
VisualStudioVersion = 16.0.30804.86
MinimumVisualStudioVersion = 10.0.40219.1
Project("{FAE04EC0-301F-11D3-BF4B-00C04F79EFBC}") = "BlogTest", "BlogTest.csproj", "{67BC2AF4-CCEB-4A04-8FB1-1D9759E961FB}"
EndProject
Global
	GlobalSection(SolutionConfigurationPlatforms) = preSolution
		Debug|Any CPU = Debug|Any CPU
		Release|Any CPU = Release|Any CPU
	EndGlobalSection
	GlobalSection(ProjectConfigurationPlatforms) = postSolution
		{67BC2AF4-CCEB-4A04-8FB1-1D9759E961FB}.Debug|Any CPU.ActiveCfg = Debug|Any CPU
		{67BC2AF4-CCEB-4A04-8FB1-1D9759E961FB}.Debug|Any CPU.Build.0 = Debug|Any CPU
		{67BC2AF4-CCEB-4A04-8FB1-1D9759E961FB}.Release|Any CPU.ActiveCfg = Release|Any CPU
		{67BC2AF4-CCEB-4A04-8FB1-1D9759E961FB}.Release|Any CPU.Build.0 = Release|Any CPU
	EndGlobalSection
	GlobalSection(SolutionProperties) = preSolution
		HideSolutionNode = FALSE
	EndGlobalSection
	GlobalSection(ExtensibilityGlobals) = postSolution
		SolutionGuid = {0A92B06A-F44E-4EFD-BFCA-51824C768141}
	EndGlobalSection
EndGlobal
